<?xml version="1.0" encoding="utf-8"?>
<Project ToolsVersion="4.0" xmlns="http://schemas.microsoft.com/developer/msbuild/2003">
  <ItemGroup>
    <Filter Include="include">
      <UniqueIdentifier>{646fcf5d-cc13-4fcb-899c-6a3e02e5a859}</UniqueIdentifier>
    </Filter>
    <Filter Include="src">
      <UniqueIdentifier>{d81b79f1-d0ed-4da7-ac37-88e78f8d63b9}</UniqueIdentifier>
    </Filter>
    <Filter Include="include\tigerapi">
      <UniqueIdentifier>{bfd89a3e-57e3-41ab-9046-00e64bdde15e}</UniqueIdentifier>
    </Filter>
    <Filter Include="include\cpprest">
      <UniqueIdentifier>{897dca0e-e407-4cdc-8337-f9542e765b47}</UniqueIdentifier>
    </Filter>
    <Filter Include="include\cpprest\details">
      <UniqueIdentifier>{fc9d2369-d8e3-4218-9fb7-eb05e97f6c96}</UniqueIdentifier>
    </Filter>
    <Filter Include="include\openssl">
      <UniqueIdentifier>{0fe71bea-cbe7-4409-af12-5ec922c60173}</UniqueIdentifier>
    </Filter>
    <Filter Include="include\pplx">
      <UniqueIdentifier>{6349fe22-02aa-4283-bb3d-9dd379fff18e}</UniqueIdentifier>
    </Filter>
    <Filter Include="include\openapi_pb">
      <UniqueIdentifier>{c5467ef1-c0bb-48bb-a760-d3a219d4159a}</UniqueIdentifier>
    </Filter>
    <Filter Include="include\openapi_pb\pb_source">
      <UniqueIdentifier>{288767a9-2c9a-4655-92be-feb614a924c6}</UniqueIdentifier>
    </Filter>
    <Filter Include="include\tigerapi\push_socket">
      <UniqueIdentifier>{460a7239-a923-4233-a836-cb2e24b6a10a}</UniqueIdentifier>
    </Filter>
    <Filter Include="src\push_socket">
      <UniqueIdentifier>{4c729de5-8904-4290-8392-881731e0bc87}</UniqueIdentifier>
    </Filter>
  </ItemGroup>
  <ItemGroup>
    <ClInclude Include="include\tigerapi\client_config.h">
      <Filter>include\tigerapi</Filter>
    </ClInclude>
    <ClInclude Include="include\tigerapi\constants.h">
      <Filter>include\tigerapi</Filter>
    </ClInclude>
    <ClInclude Include="include\tigerapi\contract_util.h">
      <Filter>include\tigerapi</Filter>
    </ClInclude>
    <ClInclude Include="include\tigerapi\enums.h">
      <Filter>include\tigerapi</Filter>
    </ClInclude>
    <ClInclude Include="include\tigerapi\model.h">
      <Filter>include\tigerapi</Filter>
    </ClInclude>
    <ClInclude Include="include\tigerapi\order_util.h">
      <Filter>include\tigerapi</Filter>
    </ClInclude>
    <ClInclude Include="include\tigerapi\quote_client.h">
      <Filter>include\tigerapi</Filter>
    </ClInclude>
    <ClInclude Include="include\tigerapi\service_types.h">
      <Filter>include\tigerapi</Filter>
    </ClInclude>
    <ClInclude Include="include\tigerapi\tiger_client.h">
      <Filter>include\tigerapi</Filter>
    </ClInclude>
    <ClInclude Include="include\tigerapi\trade_client.h">
      <Filter>include\tigerapi</Filter>
    </ClInclude>
    <ClInclude Include="include\tigerapi\utils.h">
      <Filter>include\tigerapi</Filter>
    </ClInclude>
    <ClInclude Include="include\tigerapi\version.h">
      <Filter>include\tigerapi</Filter>
    </ClInclude>
    <ClInclude Include="include\tigerapi\win32.h">
      <Filter>include\tigerapi</Filter>
    </ClInclude>
    <ClInclude Include="include\tigerapi\easylogging++.h">
      <Filter>include\tigerapi</Filter>
    </ClInclude>
    <ClInclude Include="include\tigerapi\sign_util.h">
      <Filter>include\tigerapi</Filter>
    </ClInclude>
    <ClInclude Include="include\cpprest\astreambuf.h">
      <Filter>include\cpprest</Filter>
    </ClInclude>
    <ClInclude Include="include\cpprest\asyncrt_utils.h">
      <Filter>include\cpprest</Filter>
    </ClInclude>
    <ClInclude Include="include\cpprest\base_uri.h">
      <Filter>include\cpprest</Filter>
    </ClInclude>
    <ClInclude Include="include\cpprest\containerstream.h">
      <Filter>include\cpprest</Filter>
    </ClInclude>
    <ClInclude Include="include\cpprest\filestream.h">
      <Filter>include\cpprest</Filter>
    </ClInclude>
    <ClInclude Include="include\cpprest\http_client.h">
      <Filter>include\cpprest</Filter>
    </ClInclude>
    <ClInclude Include="include\cpprest\http_compression.h">
      <Filter>include\cpprest</Filter>
    </ClInclude>
    <ClInclude Include="include\cpprest\http_headers.h">
      <Filter>include\cpprest</Filter>
    </ClInclude>
    <ClInclude Include="include\cpprest\http_listener.h">
      <Filter>include\cpprest</Filter>
    </ClInclude>
    <ClInclude Include="include\cpprest\http_msg.h">
      <Filter>include\cpprest</Filter>
    </ClInclude>
    <ClInclude Include="include\cpprest\interopstream.h">
      <Filter>include\cpprest</Filter>
    </ClInclude>
    <ClInclude Include="include\cpprest\json.h">
      <Filter>include\cpprest</Filter>
    </ClInclude>
    <ClInclude Include="include\cpprest\oauth1.h">
      <Filter>include\cpprest</Filter>
    </ClInclude>
    <ClInclude Include="include\cpprest\oauth2.h">
      <Filter>include\cpprest</Filter>
    </ClInclude>
    <ClInclude Include="include\cpprest\producerconsumerstream.h">
      <Filter>include\cpprest</Filter>
    </ClInclude>
    <ClInclude Include="include\cpprest\rawptrstream.h">
      <Filter>include\cpprest</Filter>
    </ClInclude>
    <ClInclude Include="include\cpprest\streams.h">
      <Filter>include\cpprest</Filter>
    </ClInclude>
    <ClInclude Include="include\cpprest\uri.h">
      <Filter>include\cpprest</Filter>
    </ClInclude>
    <ClInclude Include="include\cpprest\uri_builder.h">
      <Filter>include\cpprest</Filter>
    </ClInclude>
    <ClInclude Include="include\cpprest\version.h">
      <Filter>include\cpprest</Filter>
    </ClInclude>
    <ClInclude Include="include\cpprest\ws_client.h">
      <Filter>include\cpprest</Filter>
    </ClInclude>
    <ClInclude Include="include\cpprest\ws_msg.h">
      <Filter>include\cpprest</Filter>
    </ClInclude>
    <ClInclude Include="include\cpprest\details\basic_types.h">
      <Filter>include\cpprest\details</Filter>
    </ClInclude>
    <ClInclude Include="include\cpprest\details\cpprest_compat.h">
      <Filter>include\cpprest\details</Filter>
    </ClInclude>
    <ClInclude Include="include\cpprest\details\fileio.h">
      <Filter>include\cpprest\details</Filter>
    </ClInclude>
    <ClInclude Include="include\cpprest\details\http_helpers.h">
      <Filter>include\cpprest\details</Filter>
    </ClInclude>
    <ClInclude Include="include\cpprest\details\http_server.h">
      <Filter>include\cpprest\details</Filter>
    </ClInclude>
    <ClInclude Include="include\cpprest\details\http_server_api.h">
      <Filter>include\cpprest\details</Filter>
    </ClInclude>
    <ClInclude Include="include\cpprest\details\nosal.h">
      <Filter>include\cpprest\details</Filter>
    </ClInclude>
    <ClInclude Include="include\cpprest\details\resource.h">
      <Filter>include\cpprest\details</Filter>
    </ClInclude>
    <ClInclude Include="include\cpprest\details\SafeInt3.hpp">
      <Filter>include\cpprest\details</Filter>
    </ClInclude>
    <ClInclude Include="include\cpprest\details\web_utilities.h">
      <Filter>include\cpprest\details</Filter>
    </ClInclude>
    <ClInclude Include="include\openssl\__DECC_INCLUDE_EPILOGUE.H">
      <Filter>include\openssl</Filter>
    </ClInclude>
    <ClInclude Include="include\openssl\__DECC_INCLUDE_PROLOGUE.H">
      <Filter>include\openssl</Filter>
    </ClInclude>
    <ClInclude Include="include\openssl\aes.h">
      <Filter>include\openssl</Filter>
    </ClInclude>
    <ClInclude Include="include\openssl\asn1.h">
      <Filter>include\openssl</Filter>
    </ClInclude>
    <ClInclude Include="include\openssl\asn1_mac.h">
      <Filter>include\openssl</Filter>
    </ClInclude>
    <ClInclude Include="include\openssl\asn1err.h">
      <Filter>include\openssl</Filter>
    </ClInclude>
    <ClInclude Include="include\openssl\asn1t.h">
      <Filter>include\openssl</Filter>
    </ClInclude>
    <ClInclude Include="include\openssl\async.h">
      <Filter>include\openssl</Filter>
    </ClInclude>
    <ClInclude Include="include\openssl\asyncerr.h">
      <Filter>include\openssl</Filter>
    </ClInclude>
    <ClInclude Include="include\openssl\bio.h">
      <Filter>include\openssl</Filter>
    </ClInclude>
    <ClInclude Include="include\openssl\bioerr.h">
      <Filter>include\openssl</Filter>
    </ClInclude>
    <ClInclude Include="include\openssl\blowfish.h">
      <Filter>include\openssl</Filter>
    </ClInclude>
    <ClInclude Include="include\openssl\bn.h">
      <Filter>include\openssl</Filter>
    </ClInclude>
    <ClInclude Include="include\openssl\bnerr.h">
      <Filter>include\openssl</Filter>
    </ClInclude>
    <ClInclude Include="include\openssl\buffer.h">
      <Filter>include\openssl</Filter>
    </ClInclude>
    <ClInclude Include="include\openssl\buffererr.h">
      <Filter>include\openssl</Filter>
    </ClInclude>
    <ClInclude Include="include\openssl\camellia.h">
      <Filter>include\openssl</Filter>
    </ClInclude>
    <ClInclude Include="include\openssl\cast.h">
      <Filter>include\openssl</Filter>
    </ClInclude>
    <ClInclude Include="include\openssl\cmac.h">
      <Filter>include\openssl</Filter>
    </ClInclude>
    <ClInclude Include="include\openssl\cmp.h">
      <Filter>include\openssl</Filter>
    </ClInclude>
    <ClInclude Include="include\openssl\cmp_util.h">
      <Filter>include\openssl</Filter>
    </ClInclude>
    <ClInclude Include="include\openssl\cmperr.h">
      <Filter>include\openssl</Filter>
    </ClInclude>
    <ClInclude Include="include\openssl\cms.h">
      <Filter>include\openssl</Filter>
    </ClInclude>
    <ClInclude Include="include\openssl\cmserr.h">
      <Filter>include\openssl</Filter>
    </ClInclude>
    <ClInclude Include="include\openssl\comp.h">
      <Filter>include\openssl</Filter>
    </ClInclude>
    <ClInclude Include="include\openssl\comperr.h">
      <Filter>include\openssl</Filter>
    </ClInclude>
    <ClInclude Include="include\openssl\conf.h">
      <Filter>include\openssl</Filter>
    </ClInclude>
    <ClInclude Include="include\openssl\conf_api.h">
      <Filter>include\openssl</Filter>
    </ClInclude>
    <ClInclude Include="include\openssl\conferr.h">
      <Filter>include\openssl</Filter>
    </ClInclude>
    <ClInclude Include="include\openssl\configuration.h">
      <Filter>include\openssl</Filter>
    </ClInclude>
    <ClInclude Include="include\openssl\conftypes.h">
      <Filter>include\openssl</Filter>
    </ClInclude>
    <ClInclude Include="include\openssl\core.h">
      <Filter>include\openssl</Filter>
    </ClInclude>
    <ClInclude Include="include\openssl\core_dispatch.h">
      <Filter>include\openssl</Filter>
    </ClInclude>
    <ClInclude Include="include\openssl\core_names.h">
      <Filter>include\openssl</Filter>
    </ClInclude>
    <ClInclude Include="include\openssl\core_object.h">
      <Filter>include\openssl</Filter>
    </ClInclude>
    <ClInclude Include="include\openssl\crmf.h">
      <Filter>include\openssl</Filter>
    </ClInclude>
    <ClInclude Include="include\openssl\crmferr.h">
      <Filter>include\openssl</Filter>
    </ClInclude>
    <ClInclude Include="include\openssl\crypto.h">
      <Filter>include\openssl</Filter>
    </ClInclude>
    <ClInclude Include="include\openssl\cryptoerr.h">
      <Filter>include\openssl</Filter>
    </ClInclude>
    <ClInclude Include="include\openssl\cryptoerr_legacy.h">
      <Filter>include\openssl</Filter>
    </ClInclude>
    <ClInclude Include="include\openssl\ct.h">
      <Filter>include\openssl</Filter>
    </ClInclude>
    <ClInclude Include="include\openssl\cterr.h">
      <Filter>include\openssl</Filter>
    </ClInclude>
    <ClInclude Include="include\openssl\decoder.h">
      <Filter>include\openssl</Filter>
    </ClInclude>
    <ClInclude Include="include\openssl\decodererr.h">
      <Filter>include\openssl</Filter>
    </ClInclude>
    <ClInclude Include="include\openssl\des.h">
      <Filter>include\openssl</Filter>
    </ClInclude>
    <ClInclude Include="include\openssl\dh.h">
      <Filter>include\openssl</Filter>
    </ClInclude>
    <ClInclude Include="include\openssl\dherr.h">
      <Filter>include\openssl</Filter>
    </ClInclude>
    <ClInclude Include="include\openssl\dsa.h">
      <Filter>include\openssl</Filter>
    </ClInclude>
    <ClInclude Include="include\openssl\dsaerr.h">
      <Filter>include\openssl</Filter>
    </ClInclude>
    <ClInclude Include="include\openssl\dtls1.h">
      <Filter>include\openssl</Filter>
    </ClInclude>
    <ClInclude Include="include\openssl\e_os2.h">
      <Filter>include\openssl</Filter>
    </ClInclude>
    <ClInclude Include="include\openssl\ebcdic.h">
      <Filter>include\openssl</Filter>
    </ClInclude>
    <ClInclude Include="include\openssl\ec.h">
      <Filter>include\openssl</Filter>
    </ClInclude>
    <ClInclude Include="include\openssl\ecdh.h">
      <Filter>include\openssl</Filter>
    </ClInclude>
    <ClInclude Include="include\openssl\ecdsa.h">
      <Filter>include\openssl</Filter>
    </ClInclude>
    <ClInclude Include="include\openssl\ecerr.h">
      <Filter>include\openssl</Filter>
    </ClInclude>
    <ClInclude Include="include\openssl\encoder.h">
      <Filter>include\openssl</Filter>
    </ClInclude>
    <ClInclude Include="include\openssl\encodererr.h">
      <Filter>include\openssl</Filter>
    </ClInclude>
    <ClInclude Include="include\openssl\engine.h">
      <Filter>include\openssl</Filter>
    </ClInclude>
    <ClInclude Include="include\openssl\engineerr.h">
      <Filter>include\openssl</Filter>
    </ClInclude>
    <ClInclude Include="include\openssl\err.h">
      <Filter>include\openssl</Filter>
    </ClInclude>
    <ClInclude Include="include\openssl\ess.h">
      <Filter>include\openssl</Filter>
    </ClInclude>
    <ClInclude Include="include\openssl\esserr.h">
      <Filter>include\openssl</Filter>
    </ClInclude>
    <ClInclude Include="include\openssl\evp.h">
      <Filter>include\openssl</Filter>
    </ClInclude>
    <ClInclude Include="include\openssl\evperr.h">
      <Filter>include\openssl</Filter>
    </ClInclude>
    <ClInclude Include="include\openssl\fips_names.h">
      <Filter>include\openssl</Filter>
    </ClInclude>
    <ClInclude Include="include\openssl\fipskey.h">
      <Filter>include\openssl</Filter>
    </ClInclude>
    <ClInclude Include="include\openssl\hmac.h">
      <Filter>include\openssl</Filter>
    </ClInclude>
    <ClInclude Include="include\openssl\http.h">
      <Filter>include\openssl</Filter>
    </ClInclude>
    <ClInclude Include="include\openssl\httperr.h">
      <Filter>include\openssl</Filter>
    </ClInclude>
    <ClInclude Include="include\openssl\idea.h">
      <Filter>include\openssl</Filter>
    </ClInclude>
    <ClInclude Include="include\openssl\kdf.h">
      <Filter>include\openssl</Filter>
    </ClInclude>
    <ClInclude Include="include\openssl\kdferr.h">
      <Filter>include\openssl</Filter>
    </ClInclude>
    <ClInclude Include="include\openssl\lhash.h">
      <Filter>include\openssl</Filter>
    </ClInclude>
    <ClInclude Include="include\openssl\macros.h">
      <Filter>include\openssl</Filter>
    </ClInclude>
    <ClInclude Include="include\openssl\md2.h">
      <Filter>include\openssl</Filter>
    </ClInclude>
    <ClInclude Include="include\openssl\md4.h">
      <Filter>include\openssl</Filter>
    </ClInclude>
    <ClInclude Include="include\openssl\md5.h">
      <Filter>include\openssl</Filter>
    </ClInclude>
    <ClInclude Include="include\openssl\mdc2.h">
      <Filter>include\openssl</Filter>
    </ClInclude>
    <ClInclude Include="include\openssl\modes.h">
      <Filter>include\openssl</Filter>
    </ClInclude>
    <ClInclude Include="include\openssl\obj_mac.h">
      <Filter>include\openssl</Filter>
    </ClInclude>
    <ClInclude Include="include\openssl\objects.h">
      <Filter>include\openssl</Filter>
    </ClInclude>
    <ClInclude Include="include\openssl\objectserr.h">
      <Filter>include\openssl</Filter>
    </ClInclude>
    <ClInclude Include="include\openssl\ocsp.h">
      <Filter>include\openssl</Filter>
    </ClInclude>
    <ClInclude Include="include\openssl\ocsperr.h">
      <Filter>include\openssl</Filter>
    </ClInclude>
    <ClInclude Include="include\openssl\opensslconf.h">
      <Filter>include\openssl</Filter>
    </ClInclude>
    <ClInclude Include="include\openssl\opensslv.h">
      <Filter>include\openssl</Filter>
    </ClInclude>
    <ClInclude Include="include\openssl\ossl_typ.h">
      <Filter>include\openssl</Filter>
    </ClInclude>
    <ClInclude Include="include\openssl\param_build.h">
      <Filter>include\openssl</Filter>
    </ClInclude>
    <ClInclude Include="include\openssl\params.h">
      <Filter>include\openssl</Filter>
    </ClInclude>
    <ClInclude Include="include\openssl\pem.h">
      <Filter>include\openssl</Filter>
    </ClInclude>
    <ClInclude Include="include\openssl\pem2.h">
      <Filter>include\openssl</Filter>
    </ClInclude>
    <ClInclude Include="include\openssl\pemerr.h">
      <Filter>include\openssl</Filter>
    </ClInclude>
    <ClInclude Include="include\openssl\pkcs7.h">
      <Filter>include\openssl</Filter>
    </ClInclude>
    <ClInclude Include="include\openssl\pkcs7err.h">
      <Filter>include\openssl</Filter>
    </ClInclude>
    <ClInclude Include="include\openssl\pkcs12.h">
      <Filter>include\openssl</Filter>
    </ClInclude>
    <ClInclude Include="include\openssl\pkcs12err.h">
      <Filter>include\openssl</Filter>
    </ClInclude>
    <ClInclude Include="include\openssl\prov_ssl.h">
      <Filter>include\openssl</Filter>
    </ClInclude>
    <ClInclude Include="include\openssl\proverr.h">
      <Filter>include\openssl</Filter>
    </ClInclude>
    <ClInclude Include="include\openssl\provider.h">
      <Filter>include\openssl</Filter>
    </ClInclude>
    <ClInclude Include="include\openssl\rand.h">
      <Filter>include\openssl</Filter>
    </ClInclude>
    <ClInclude Include="include\openssl\randerr.h">
      <Filter>include\openssl</Filter>
    </ClInclude>
    <ClInclude Include="include\openssl\rc2.h">
      <Filter>include\openssl</Filter>
    </ClInclude>
    <ClInclude Include="include\openssl\rc4.h">
      <Filter>include\openssl</Filter>
    </ClInclude>
    <ClInclude Include="include\openssl\rc5.h">
      <Filter>include\openssl</Filter>
    </ClInclude>
    <ClInclude Include="include\openssl\ripemd.h">
      <Filter>include\openssl</Filter>
    </ClInclude>
    <ClInclude Include="include\openssl\rsa.h">
      <Filter>include\openssl</Filter>
    </ClInclude>
    <ClInclude Include="include\openssl\rsaerr.h">
      <Filter>include\openssl</Filter>
    </ClInclude>
    <ClInclude Include="include\openssl\safestack.h">
      <Filter>include\openssl</Filter>
    </ClInclude>
    <ClInclude Include="include\openssl\seed.h">
      <Filter>include\openssl</Filter>
    </ClInclude>
    <ClInclude Include="include\openssl\self_test.h">
      <Filter>include\openssl</Filter>
    </ClInclude>
    <ClInclude Include="include\openssl\sha.h">
      <Filter>include\openssl</Filter>
    </ClInclude>
    <ClInclude Include="include\openssl\srp.h">
      <Filter>include\openssl</Filter>
    </ClInclude>
    <ClInclude Include="include\openssl\srtp.h">
      <Filter>include\openssl</Filter>
    </ClInclude>
    <ClInclude Include="include\openssl\ssl.h">
      <Filter>include\openssl</Filter>
    </ClInclude>
    <ClInclude Include="include\openssl\ssl2.h">
      <Filter>include\openssl</Filter>
    </ClInclude>
    <ClInclude Include="include\openssl\ssl3.h">
      <Filter>include\openssl</Filter>
    </ClInclude>
    <ClInclude Include="include\openssl\sslerr.h">
      <Filter>include\openssl</Filter>
    </ClInclude>
    <ClInclude Include="include\openssl\sslerr_legacy.h">
      <Filter>include\openssl</Filter>
    </ClInclude>
    <ClInclude Include="include\openssl\stack.h">
      <Filter>include\openssl</Filter>
    </ClInclude>
    <ClInclude Include="include\openssl\store.h">
      <Filter>include\openssl</Filter>
    </ClInclude>
    <ClInclude Include="include\openssl\storeerr.h">
      <Filter>include\openssl</Filter>
    </ClInclude>
    <ClInclude Include="include\openssl\symhacks.h">
      <Filter>include\openssl</Filter>
    </ClInclude>
    <ClInclude Include="include\openssl\tls1.h">
      <Filter>include\openssl</Filter>
    </ClInclude>
    <ClInclude Include="include\openssl\trace.h">
      <Filter>include\openssl</Filter>
    </ClInclude>
    <ClInclude Include="include\openssl\ts.h">
      <Filter>include\openssl</Filter>
    </ClInclude>
    <ClInclude Include="include\openssl\tserr.h">
      <Filter>include\openssl</Filter>
    </ClInclude>
    <ClInclude Include="include\openssl\txt_db.h">
      <Filter>include\openssl</Filter>
    </ClInclude>
    <ClInclude Include="include\openssl\types.h">
      <Filter>include\openssl</Filter>
    </ClInclude>
    <ClInclude Include="include\openssl\ui.h">
      <Filter>include\openssl</Filter>
    </ClInclude>
    <ClInclude Include="include\openssl\uierr.h">
      <Filter>include\openssl</Filter>
    </ClInclude>
    <ClInclude Include="include\openssl\whrlpool.h">
      <Filter>include\openssl</Filter>
    </ClInclude>
    <ClInclude Include="include\openssl\x509.h">
      <Filter>include\openssl</Filter>
    </ClInclude>
    <ClInclude Include="include\openssl\x509_vfy.h">
      <Filter>include\openssl</Filter>
    </ClInclude>
    <ClInclude Include="include\openssl\x509err.h">
      <Filter>include\openssl</Filter>
    </ClInclude>
    <ClInclude Include="include\openssl\x509v3.h">
      <Filter>include\openssl</Filter>
    </ClInclude>
    <ClInclude Include="include\openssl\x509v3err.h">
      <Filter>include\openssl</Filter>
    </ClInclude>
    <ClInclude Include="include\zlib.h">
      <Filter>include</Filter>
    </ClInclude>
    <ClInclude Include="include\zconf.h">
      <Filter>include</Filter>
    </ClInclude>
    <ClInclude Include="include\pplx\pplx.h">
      <Filter>include\pplx</Filter>
    </ClInclude>
    <ClInclude Include="include\pplx\pplxcancellation_token.h">
      <Filter>include\pplx</Filter>
    </ClInclude>
    <ClInclude Include="include\pplx\pplxconv.h">
      <Filter>include\pplx</Filter>
    </ClInclude>
    <ClInclude Include="include\pplx\pplxinterface.h">
      <Filter>include\pplx</Filter>
    </ClInclude>
    <ClInclude Include="include\pplx\pplxlinux.h">
      <Filter>include\pplx</Filter>
    </ClInclude>
    <ClInclude Include="include\pplx\pplxtasks.h">
      <Filter>include\pplx</Filter>
    </ClInclude>
    <ClInclude Include="include\pplx\pplxwin.h">
      <Filter>include\pplx</Filter>
    </ClInclude>
    <ClInclude Include="include\openapi_pb\pb_source\AssetData.pb.h">
      <Filter>include\openapi_pb\pb_source</Filter>
    </ClInclude>
    <ClInclude Include="include\openapi_pb\pb_source\KlineData.pb.h">
      <Filter>include\openapi_pb\pb_source</Filter>
    </ClInclude>
    <ClInclude Include="include\openapi_pb\pb_source\OptionTopData.pb.h">
      <Filter>include\openapi_pb\pb_source</Filter>
    </ClInclude>
    <ClInclude Include="include\openapi_pb\pb_source\OrderStatusData.pb.h">
      <Filter>include\openapi_pb\pb_source</Filter>
    </ClInclude>
    <ClInclude Include="include\openapi_pb\pb_source\OrderTransactionData.pb.h">
      <Filter>include\openapi_pb\pb_source</Filter>
    </ClInclude>
    <ClInclude Include="include\openapi_pb\pb_source\PositionData.pb.h">
      <Filter>include\openapi_pb\pb_source</Filter>
    </ClInclude>
    <ClInclude Include="include\openapi_pb\pb_source\PushData.pb.h">
      <Filter>include\openapi_pb\pb_source</Filter>
    </ClInclude>
    <ClInclude Include="include\openapi_pb\pb_source\QuoteBasicData.pb.h">
      <Filter>include\openapi_pb\pb_source</Filter>
    </ClInclude>
    <ClInclude Include="include\openapi_pb\pb_source\QuoteBBOData.pb.h">
      <Filter>include\openapi_pb\pb_source</Filter>
    </ClInclude>
    <ClInclude Include="include\openapi_pb\pb_source\QuoteData.pb.h">
      <Filter>include\openapi_pb\pb_source</Filter>
    </ClInclude>
    <ClInclude Include="include\openapi_pb\pb_source\QuoteDepthData.pb.h">
      <Filter>include\openapi_pb\pb_source</Filter>
    </ClInclude>
    <ClInclude Include="include\openapi_pb\pb_source\Request.pb.h">
      <Filter>include\openapi_pb\pb_source</Filter>
    </ClInclude>
    <ClInclude Include="include\openapi_pb\pb_source\Response.pb.h">
      <Filter>include\openapi_pb\pb_source</Filter>
    </ClInclude>
    <ClInclude Include="include\openapi_pb\pb_source\SocketCommon.pb.h">
      <Filter>include\openapi_pb\pb_source</Filter>
    </ClInclude>
    <ClInclude Include="include\openapi_pb\pb_source\StockTopData.pb.h">
      <Filter>include\openapi_pb\pb_source</Filter>
    </ClInclude>
    <ClInclude Include="include\openapi_pb\pb_source\TickData.pb.h">
      <Filter>include\openapi_pb\pb_source</Filter>
    </ClInclude>
    <ClInclude Include="include\openapi_pb\pb_source\TradeTickData.pb.h">
      <Filter>include\openapi_pb\pb_source</Filter>
    </ClInclude>
    <ClInclude Include="include\tigerapi\push_client.h">
      <Filter>include\tigerapi</Filter>
    </ClInclude>
    <ClInclude Include="include\tigerapi\push_socket\push_frame_serialize.h">
      <Filter>include\tigerapi\push_socket</Filter>
    </ClInclude>
    <ClInclude Include="include\tigerapi\push_socket\push_socket.h">
      <Filter>include\tigerapi\push_socket</Filter>
    </ClInclude>
  </ItemGroup>
  <ItemGroup>
    <ClCompile Include="src\contract_util.cpp">
      <Filter>src</Filter>
    </ClCompile>
    <ClCompile Include="src\order_util.cpp">
      <Filter>src</Filter>
    </ClCompile>
    <ClCompile Include="src\quote_client.cpp">
      <Filter>src</Filter>
    </ClCompile>
    <ClCompile Include="src\tiger_client.cpp">
      <Filter>src</Filter>
    </ClCompile>
    <ClCompile Include="src\trade_client.cpp">
      <Filter>src</Filter>
    </ClCompile>
    <ClCompile Include="src\utils.cpp">
      <Filter>src</Filter>
    </ClCompile>
    <ClCompile Include="src\easylogging++.cc">
      <Filter>src</Filter>
    </ClCompile>
    <ClCompile Include="include\openssl\applink.c">
      <Filter>include\openssl</Filter>
    </ClCompile>
    <ClCompile Include="include\openapi_pb\pb_source\AssetData.pb.cc">
      <Filter>include\openapi_pb\pb_source</Filter>
    </ClCompile>
    <ClCompile Include="include\openapi_pb\pb_source\KlineData.pb.cc">
      <Filter>include\openapi_pb\pb_source</Filter>
    </ClCompile>
    <ClCompile Include="include\openapi_pb\pb_source\OptionTopData.pb.cc">
      <Filter>include\openapi_pb\pb_source</Filter>
    </ClCompile>
    <ClCompile Include="include\openapi_pb\pb_source\OrderStatusData.pb.cc">
      <Filter>include\openapi_pb\pb_source</Filter>
    </ClCompile>
    <ClCompile Include="include\openapi_pb\pb_source\OrderTransactionData.pb.cc">
      <Filter>include\openapi_pb\pb_source</Filter>
    </ClCompile>
    <ClCompile Include="include\openapi_pb\pb_source\PositionData.pb.cc">
      <Filter>include\openapi_pb\pb_source</Filter>
    </ClCompile>
    <ClCompile Include="include\openapi_pb\pb_source\PushData.pb.cc">
      <Filter>include\openapi_pb\pb_source</Filter>
    </ClCompile>
    <ClCompile Include="include\openapi_pb\pb_source\QuoteBasicData.pb.cc">
      <Filter>include\openapi_pb\pb_source</Filter>
    </ClCompile>
    <ClCompile Include="include\openapi_pb\pb_source\QuoteBBOData.pb.cc">
      <Filter>include\openapi_pb\pb_source</Filter>
    </ClCompile>
    <ClCompile Include="include\openapi_pb\pb_source\QuoteData.pb.cc">
      <Filter>include\openapi_pb\pb_source</Filter>
    </ClCompile>
    <ClCompile Include="include\openapi_pb\pb_source\QuoteDepthData.pb.cc">
      <Filter>include\openapi_pb\pb_source</Filter>
    </ClCompile>
    <ClCompile Include="include\openapi_pb\pb_source\Request.pb.cc">
      <Filter>include\openapi_pb\pb_source</Filter>
    </ClCompile>
    <ClCompile Include="include\openapi_pb\pb_source\Response.pb.cc">
      <Filter>include\openapi_pb\pb_source</Filter>
    </ClCompile>
    <ClCompile Include="include\openapi_pb\pb_source\SocketCommon.pb.cc">
      <Filter>include\openapi_pb\pb_source</Filter>
    </ClCompile>
    <ClCompile Include="include\openapi_pb\pb_source\StockTopData.pb.cc">
      <Filter>include\openapi_pb\pb_source</Filter>
    </ClCompile>
    <ClCompile Include="include\openapi_pb\pb_source\TickData.pb.cc">
      <Filter>include\openapi_pb\pb_source</Filter>
    </ClCompile>
    <ClCompile Include="include\openapi_pb\pb_source\TradeTickData.pb.cc">
      <Filter>include\openapi_pb\pb_source</Filter>
    </ClCompile>
    <ClCompile Include="src\push_client.cpp">
      <Filter>src</Filter>
    </ClCompile>
    <ClCompile Include="src\push_socket\push_frame_serialize.cpp">
      <Filter>src\push_socket</Filter>
    </ClCompile>
    <ClCompile Include="src\push_socket\push_socket.cpp">
      <Filter>src\push_socket</Filter>
    </ClCompile>
  </ItemGroup>
  <ItemGroup>
    <None Include="include\cpprest\details\http_constants.dat">
      <Filter>include\cpprest\details</Filter>
    </None>
  </ItemGroup>
</Project>