<?xml version="1.0" encoding="utf-8"?>
<Project ToolsVersion="17.0" xmlns="http://schemas.microsoft.com/developer/msbuild/2003">
  <ItemGroup>
    <ClCompile Include="D:\projects\openapi-cpp-sdk\src\main.cpp">
      <Filter>Source Files</Filter>
    </ClCompile>
    <ClCompile Include="D:\projects\openapi-cpp-sdk\src\tiger_client.cpp">
      <Filter>Source Files</Filter>
    </ClCompile>
    <ClCompile Include="D:\projects\openapi-cpp-sdk\src\utils.cpp">
      <Filter>Source Files</Filter>
    </ClCompile>
    <ClCompile Include="D:\projects\openapi-cpp-sdk\src\quote_client.cpp">
      <Filter>Source Files</Filter>
    </ClCompile>
    <ClCompile Include="D:\projects\openapi-cpp-sdk\src\trade_client.cpp">
      <Filter>Source Files</Filter>
    </ClCompile>
    <ClCompile Include="D:\projects\openapi-cpp-sdk\src\order_util.cpp">
      <Filter>Source Files</Filter>
    </ClCompile>
    <ClCompile Include="D:\projects\openapi-cpp-sdk\src\contract_util.cpp">
      <Filter>Source Files</Filter>
    </ClCompile>
  </ItemGroup>
  <ItemGroup>
    <ClInclude Include="D:\projects\openapi-cpp-sdk\src\base64.h">
      <Filter>Header Files</Filter>
    </ClInclude>
    <ClInclude Include="D:\projects\openapi-cpp-sdk\include\tigerapi\tiger_client.h">
      <Filter>Header Files</Filter>
    </ClInclude>
    <ClInclude Include="D:\projects\openapi-cpp-sdk\include\tigerapi\constants.h">
      <Filter>Header Files</Filter>
    </ClInclude>
    <ClInclude Include="D:\projects\openapi-cpp-sdk\include\tigerapi\utils.h">
      <Filter>Header Files</Filter>
    </ClInclude>
    <ClInclude Include="D:\projects\openapi-cpp-sdk\include\tigerapi\service_types.h">
      <Filter>Header Files</Filter>
    </ClInclude>
    <ClInclude Include="D:\projects\openapi-cpp-sdk\include\tigerapi\quote_client.h">
      <Filter>Header Files</Filter>
    </ClInclude>
    <ClInclude Include="D:\projects\openapi-cpp-sdk\include\tigerapi\model.h">
      <Filter>Header Files</Filter>
    </ClInclude>
    <ClInclude Include="D:\projects\openapi-cpp-sdk\include\tigerapi\order_util.h">
      <Filter>Header Files</Filter>
    </ClInclude>
    <ClInclude Include="D:\projects\openapi-cpp-sdk\include\tigerapi\contract_util.h">
      <Filter>Header Files</Filter>
    </ClInclude>
    <ClInclude Include="D:\projects\openapi-cpp-sdk\include\tigerapi\client_config.h">
      <Filter>Header Files</Filter>
    </ClInclude>
    <ClInclude Include="D:\projects\openapi-cpp-sdk\include\tigerapi\log.h">
      <Filter>Header Files</Filter>
    </ClInclude>
    <ClInclude Include="D:\projects\openapi-cpp-sdk\src\common\sign_util.h">
      <Filter>Header Files</Filter>
    </ClInclude>
  </ItemGroup>
  <ItemGroup>
    <CustomBuild Include="D:\projects\openapi-cpp-sdk\CMakeLists.txt" />
  </ItemGroup>
  <ItemGroup>
    <Filter Include="Header Files">
      <UniqueIdentifier>{735337D7-7541-3011-B4C8-DF4641FA2317}</UniqueIdentifier>
    </Filter>
    <Filter Include="Source Files">
      <UniqueIdentifier>{4ABD063F-391C-3EF0-BFA4-39CF4B326E41}</UniqueIdentifier>
    </Filter>
  </ItemGroup>
</Project>
